<?xml version="1.0" encoding="utf-8"?>
<Project ToolsVersion="4.0" xmlns="http://schemas.microsoft.com/developer/msbuild/2003">
  <ItemGroup>
    <ClCompile Include="src\InputManager.cpp" />
    <ClCompile Include="src\main.cpp" />
    <ClCompile Include="src\Parser.cpp" />
    <ClCompile Include="src\Subtitle.cpp" />
    <ClCompile Include="src\Timeline.cpp" />
    <ClCompile Include="src\Window.cpp" />
    <ClCompile Include="src\WindowManager.cpp" />
    <ClCompile Include="src\TcpConnection.cpp" />
    <ClCompile Include="src\Timer.cpp" />
  </ItemGroup>
  <ItemGroup>
    <ClInclude Include="src\InputManager.h" />
    <ClInclude Include="src\Parser.h" />
    <ClInclude Include="src\Subtitle.h" />
    <ClInclude Include="src\Timeline.h" />
    <ClInclude Include="src\Window.h" />
    <ClInclude Include="src\WindowManager.h" />
    <ClInclude Include="src\TcpConnection.h" />
    <ClInclude Include="vendor\nlohmann\json.hpp" />
    <ClInclude Include="vendor\raylib\raylib.h" />
    <ClInclude Include="src\Timer.h" />
  </ItemGroup>
  <ItemGroup>
    <None Include="res\shaders\outline.fs" />
    <None Include="res\shaders\sdf.fs" />
    <None Include="res\shaders\shadow.fs" />
  </ItemGroup>
</Project>